PODS:
  - AAMFeedback (0.7.6):
    - UIDeviceIdentifier
  - ActionSheetPicker-3.0 (2.3.0)
  - ChameleonFramework/Default (2.1.0)
  - ChameleonFramework/Swift (2.1.0):
    - ChameleonFramework/Default
  - CSV.swift (2.2.1)
  - Firebase/AdMob (5.3.0):
    - Firebase/Core
    - Google-Mobile-Ads-SDK (= 7.31.0)
  - Firebase/Core (5.3.0):
    - Firebase/CoreOnly
    - FirebaseAnalytics (= 5.0.1)
  - Firebase/CoreOnly (5.3.0):
    - FirebaseCore (= 5.0.4)
  - Firebase/Crash (5.3.0):
    - Firebase/Core
    - FirebaseCrash (= 3.0.0)
  - FirebaseAnalytics (5.0.1):
    - FirebaseCore (~> 5.0)
    - FirebaseInstanceID (~> 3.0)
    - "GoogleToolboxForMac/NSData+zlib (~> 2.1)"
    - nanopb (~> 0.3)
  - FirebaseCore (5.0.4):
    - "GoogleToolboxForMac/NSData+zlib (~> 2.1)"
  - FirebaseCrash (3.0.0):
    - FirebaseAnalytics (~> 5.0)
    - FirebaseInstanceID (~> 3.0)
    - GoogleToolboxForMac/Logger (~> 2.1)
    - "GoogleToolboxForMac/NSData+zlib (~> 2.1)"
    - Protobuf (~> 3.5)
  - FirebaseInstanceID (3.1.1):
    - FirebaseCore (~> 5.0)
  - Google-Mobile-Ads-SDK (7.31.0)
  - GoogleToolboxForMac/Defines (2.1.4)
  - GoogleToolboxForMac/Logger (2.1.4):
    - GoogleToolboxForMac/Defines (= 2.1.4)
  - "GoogleToolboxForMac/NSData+zlib (2.1.4)":
    - GoogleToolboxForMac/Defines (= 2.1.4)
  - nanopb (0.3.8):
    - nanopb/decode (= 0.3.8)
    - nanopb/encode (= 0.3.8)
  - nanopb/decode (0.3.8)
  - nanopb/encode (0.3.8)
  - ObjcExceptionBridging (1.0.1):
    - ObjcExceptionBridging/ObjcExceptionBridging (= 1.0.1)
  - ObjcExceptionBridging/ObjcExceptionBridging (1.0.1)
  - Protobuf (3.6.0)
  - SwiftDate (4.5.1)
  - SwiftyStoreKit (0.13.2)
  - UIDeviceIdentifier (1.1.1)
  - XCGLogger (6.0.4):
    - XCGLogger/Core (= 6.0.4)
  - XCGLogger/Core (6.0.4):
    - ObjcExceptionBridging

DEPENDENCIES:
  - AAMFeedback
  - ActionSheetPicker-3.0
  - ChameleonFramework/Swift (from `https://github.com/ViccAlexander/Chameleon.git`)
  - CSV.swift
  - Firebase/AdMob
  - Firebase/Core
  - Firebase/Crash
  - SwiftDate
  - SwiftyStoreKit
  - XCGLogger

SPEC REPOS:
  https://github.com/CocoaPods/Specs.git:
    - AAMFeedback
    - ActionSheetPicker-3.0
    - CSV.swift
    - Firebase
    - FirebaseAnalytics
    - FirebaseCore
    - FirebaseCrash
    - FirebaseInstanceID
    - Google-Mobile-Ads-SDK
    - GoogleToolboxForMac
    - nanopb
    - ObjcExceptionBridging
    - Protobuf
    - SwiftDate
    - SwiftyStoreKit
    - UIDeviceIdentifier
    - XCGLogger

EXTERNAL SOURCES:
  ChameleonFramework:
    :git: https://github.com/ViccAlexander/Chameleon.git

CHECKOUT OPTIONS:
  ChameleonFramework:
    :commit: 6dd284bde21ea2e7f9fd89bc36f40df16e16369d
    :git: https://github.com/ViccAlexander/Chameleon.git

SPEC CHECKSUMS:
  AAMFeedback: e4334f80d96aabf25f1f519a344c687d4f97f86c
  ActionSheetPicker-3.0: eef157d75e151f255c5333d26656c7fbfe905a51
  ChameleonFramework: d21a3cc247abfe5e37609a283a8238b03575cf64
  CSV.swift: 5bf3338aff82371cb51cc6dc559d7b45a74bab14
  Firebase: 68afeeb05461db02d7c9e3215cda28068670f4aa
  FirebaseAnalytics: b3628aea54c50464c32c393fb2ea032566e7ecc2
  FirebaseCore: 62f1b792a49bb9e8b4073f24606d2c93ffc352f0
  FirebaseCrash: 8900571fd763fd5bdda04522ec53da979456e3ce
  FirebaseInstanceID: f3f0657372592ecdfdfe2cac604a5a75758376a6
  Google-Mobile-Ads-SDK: 6e529e748b45507a2ca904e0b5a52669ba3920c4
  GoogleToolboxForMac: 91c824d21e85b31c2aae9bb011c5027c9b4e738f
  nanopb: 5601e6bca2dbf1ed831b519092ec110f66982ca3
  ObjcExceptionBridging: c30e00eb3700467e695faeea30e26e18bd445001
  Protobuf: 0fc0ad8bec688b2a3017a139953e01374fedbd5f
  SwiftDate: 7b56d42a221f582047287deb256b23fc5ed49a60
  SwiftyStoreKit: b7563505440a68c9d9fa70bc43d8a97015519409
  UIDeviceIdentifier: 9281343882e24460235f00a0d7d2fc04a65688c6
  XCGLogger: 4fc1bc0bdd5828cb8dc8da7a843536cda1bea8f3

PODFILE CHECKSUM: 96977a44caeeaea8e0062d81b476bc8e8237d277

COCOAPODS: 1.5.0
